PODS:
  - GenericDataSourceSwift (0.2.1)

DEPENDENCIES:
  - GenericDataSourceSwift (from `./`)

EXTERNAL SOURCES:
  GenericDataSourceSwift:
    :path: "./"

SPEC CHECKSUMS:
  GenericDataSourceSwift: ee8301c4cdfed32104b3e14caf6b129c7b47b90d

PODFILE CHECKSUM: 20283c2008679e9e3fcbb6978f2ba7b3faafe0b4

COCOAPODS: 1.5.0
