PODS:
  - GenericDataSourceSwift (0.4.0)

DEPENDENCIES:
  - GenericDataSourceSwift (from `./`)

EXTERNAL SOURCES:
  GenericDataSourceSwift:
    :path: "./"

SPEC CHECKSUMS:
  GenericDataSourceSwift: c6115666a8e171387626dafa1cc79c31679a30f8

PODFILE CHECKSUM: 20283c2008679e9e3fcbb6978f2ba7b3faafe0b4

COCOAPODS: 1.5.2
