PODS:
  - GenericDataSourceSwift (0.3.0)

DEPENDENCIES:
  - GenericDataSourceSwift (from `./`)

EXTERNAL SOURCES:
  GenericDataSourceSwift:
    :path: "./"

SPEC CHECKSUMS:
  GenericDataSourceSwift: 4d07b35f6954fe6f6e31f55fead4558b40073a71

PODFILE CHECKSUM: 20283c2008679e9e3fcbb6978f2ba7b3faafe0b4

COCOAPODS: 1.5.2
