// !$*UTF8*$!
{
	archiveVersion = 1;
	classes = {
	};
	objectVersion = 48;
	objects = {

/* Begin PBXBuildFile section */
		2D717461232E25594C7FF6BB /* Pods_GenericDataSourceTests.framework in Frameworks */ = {isa = PBXBuildFile; fileRef = 68E31E5D131A55560D4C9AF5 /* Pods_GenericDataSourceTests.framework */; };
		71B1FF4E203E70C400ECC965 /* AppDelegate.swift in Sources */ = {isa = PBXBuildFile; fileRef = 71B1FF4D203E70C400ECC965 /* AppDelegate.swift */; };
		71B1FF50203E70C400ECC965 /* ViewController.swift in Sources */ = {isa = PBXBuildFile; fileRef = 71B1FF4F203E70C400ECC965 /* ViewController.swift */; };
		71B1FF53203E70C400ECC965 /* Main.storyboard in Resources */ = {isa = PBXBuildFile; fileRef = 71B1FF51203E70C400ECC965 /* Main.storyboard */; };
		71B1FF55203E70C400ECC965 /* Assets.xcassets in Resources */ = {isa = PBXBuildFile; fileRef = 71B1FF54203E70C400ECC965 /* Assets.xcassets */; };
		71B1FF58203E70C400ECC965 /* LaunchScreen.storyboard in Resources */ = {isa = PBXBuildFile; fileRef = 71B1FF56203E70C400ECC965 /* LaunchScreen.storyboard */; };
		71B1FF73203FB10E00ECC965 /* GenericDataSource.podspec in Resources */ = {isa = PBXBuildFile; fileRef = 71B1FF71203FB10E00ECC965 /* GenericDataSource.podspec */; };
		71B1FF74203FB10E00ECC965 /* README.md in Resources */ = {isa = PBXBuildFile; fileRef = 71B1FF72203FB10E00ECC965 /* README.md */; };
		71B1FF7F203FB35900ECC965 /* LinearDataCell.swift in Sources */ = {isa = PBXBuildFile; fileRef = 71B1FF7E203FB35900ECC965 /* LinearDataCell.swift */; };
		8E31114E206133180095298A /* MySection.swift in Sources */ = {isa = PBXBuildFile; fileRef = 71369AE9204900BE00613F99 /* MySection.swift */; };
/* End PBXBuildFile section */

/* Begin PBXFileReference section */
		68E31E5D131A55560D4C9AF5 /* Pods_GenericDataSourceTests.framework */ = {isa = PBXFileReference; explicitFileType = wrapper.framework; includeInIndex = 0; path = Pods_GenericDataSourceTests.framework; sourceTree = BUILT_PRODUCTS_DIR; };
		71369AE62048F4C800613F99 /* Section.swift */ = {isa = PBXFileReference; lastKnownFileType = sourcecode.swift; path = Section.swift; sourceTree = "<group>"; };
		71369AE9204900BE00613F99 /* MySection.swift */ = {isa = PBXFileReference; lastKnownFileType = sourcecode.swift; path = MySection.swift; sourceTree = "<group>"; };
		71B1FF4B203E70C400ECC965 /* GenericDataSourceTests.app */ = {isa = PBXFileReference; explicitFileType = wrapper.application; includeInIndex = 0; path = GenericDataSourceTests.app; sourceTree = BUILT_PRODUCTS_DIR; };
		71B1FF4D203E70C400ECC965 /* AppDelegate.swift */ = {isa = PBXFileReference; lastKnownFileType = sourcecode.swift; path = AppDelegate.swift; sourceTree = "<group>"; };
		71B1FF4F203E70C400ECC965 /* ViewController.swift */ = {isa = PBXFileReference; lastKnownFileType = sourcecode.swift; path = ViewController.swift; sourceTree = "<group>"; };
		71B1FF52203E70C400ECC965 /* Base */ = {isa = PBXFileReference; lastKnownFileType = file.storyboard; name = Base; path = Base.lproj/Main.storyboard; sourceTree = "<group>"; };
		71B1FF54203E70C400ECC965 /* Assets.xcassets */ = {isa = PBXFileReference; lastKnownFileType = folder.assetcatalog; path = Assets.xcassets; sourceTree = "<group>"; };
		71B1FF57203E70C400ECC965 /* Base */ = {isa = PBXFileReference; lastKnownFileType = file.storyboard; name = Base; path = Base.lproj/LaunchScreen.storyboard; sourceTree = "<group>"; };
		71B1FF59203E70C400ECC965 /* Info.plist */ = {isa = PBXFileReference; lastKnownFileType = text.plist.xml; path = Info.plist; sourceTree = "<group>"; };
		71B1FF62203FAFDB00ECC965 /* DataSource.swift */ = {isa = PBXFileReference; fileEncoding = 4; lastKnownFileType = sourcecode.swift; path = DataSource.swift; sourceTree = "<group>"; };
		71B1FF63203FAFDB00ECC965 /* CellSetupable+Setupable.swift */ = {isa = PBXFileReference; fileEncoding = 4; lastKnownFileType = sourcecode.swift; path = "CellSetupable+Setupable.swift"; sourceTree = "<group>"; };
		71B1FF64203FAFDB00ECC965 /* Cells+Extensions.swift */ = {isa = PBXFileReference; fileEncoding = 4; lastKnownFileType = sourcecode.swift; path = "Cells+Extensions.swift"; sourceTree = "<group>"; };
		71B1FF65203FAFDB00ECC965 /* NSObjectProtocol+Extensions.swift */ = {isa = PBXFileReference; fileEncoding = 4; lastKnownFileType = sourcecode.swift; path = "NSObjectProtocol+Extensions.swift"; sourceTree = "<group>"; };
		71B1FF66203FAFDB00ECC965 /* GenericDelegateDataSource.swift */ = {isa = PBXFileReference; fileEncoding = 4; lastKnownFileType = sourcecode.swift; path = GenericDelegateDataSource.swift; sourceTree = "<group>"; };
		71B1FF67203FAFDB00ECC965 /* ReusableIdentifierProtocol.swift */ = {isa = PBXFileReference; fileEncoding = 4; lastKnownFileType = sourcecode.swift; path = ReusableIdentifierProtocol.swift; sourceTree = "<group>"; };
		71B1FF71203FB10E00ECC965 /* GenericDataSource.podspec */ = {isa = PBXFileReference; fileEncoding = 4; lastKnownFileType = text; path = GenericDataSource.podspec; sourceTree = "<group>"; xcLanguageSpecificationIdentifier = xcode.lang.ruby; };
		71B1FF72203FB10E00ECC965 /* README.md */ = {isa = PBXFileReference; fileEncoding = 4; lastKnownFileType = net.daringfireball.markdown; path = README.md; sourceTree = "<group>"; };
		71B1FF7E203FB35900ECC965 /* LinearDataCell.swift */ = {isa = PBXFileReference; lastKnownFileType = sourcecode.swift; path = LinearDataCell.swift; sourceTree = "<group>"; };
		8CB44AA9310C3FF8EEC51310 /* Pods-GenericDataSourceTests.release.xcconfig */ = {isa = PBXFileReference; includeInIndex = 1; lastKnownFileType = text.xcconfig; name = "Pods-GenericDataSourceTests.release.xcconfig"; path = "Pods/Target Support Files/Pods-GenericDataSourceTests/Pods-GenericDataSourceTests.release.xcconfig"; sourceTree = "<group>"; };
		8E31114A20612F400095298A /* CGenericDelegateDataSource.swift */ = {isa = PBXFileReference; fileEncoding = 4; lastKnownFileType = sourcecode.swift; name = CGenericDelegateDataSource.swift; path = GenericDataSource/CollectionView/CGenericDelegateDataSource.swift; sourceTree = SOURCE_ROOT; };
		8E31114B20612F400095298A /* CSection.swift */ = {isa = PBXFileReference; fileEncoding = 4; lastKnownFileType = sourcecode.swift; name = CSection.swift; path = GenericDataSource/CollectionView/CSection.swift; sourceTree = SOURCE_ROOT; };
		E1955CD3011AEB35C90A3BEB /* Pods-GenericDataSourceTests.debug.xcconfig */ = {isa = PBXFileReference; includeInIndex = 1; lastKnownFileType = text.xcconfig; name = "Pods-GenericDataSourceTests.debug.xcconfig"; path = "Pods/Target Support Files/Pods-GenericDataSourceTests/Pods-GenericDataSourceTests.debug.xcconfig"; sourceTree = "<group>"; };
/* End PBXFileReference section */

/* Begin PBXFrameworksBuildPhase section */
		71B1FF48203E70C400ECC965 /* Frameworks */ = {
			isa = PBXFrameworksBuildPhase;
			buildActionMask = 2147483647;
			files = (
				2D717461232E25594C7FF6BB /* Pods_GenericDataSourceTests.framework in Frameworks */,
			);
			runOnlyForDeploymentPostprocessing = 0;
		};
/* End PBXFrameworksBuildPhase section */

/* Begin PBXGroup section */
		16B4EB37C90E468C42C6A5D6 /* Pods */ = {
			isa = PBXGroup;
			children = (
				E1955CD3011AEB35C90A3BEB /* Pods-GenericDataSourceTests.debug.xcconfig */,
				8CB44AA9310C3FF8EEC51310 /* Pods-GenericDataSourceTests.release.xcconfig */,
			);
			name = Pods;
			sourceTree = "<group>";
		};
		71369AE8204900AF00613F99 /* TableData */ = {
			isa = PBXGroup;
			children = (
				71369AE9204900BE00613F99 /* MySection.swift */,
			);
			path = TableData;
			sourceTree = "<group>";
		};
		71B1FF4C203E70C400ECC965 /* GenericDataSourceTests */ = {
			isa = PBXGroup;
			children = (
				71B1FF78203FB27400ECC965 /* Sources */,
				71B1FF76203FB24A00ECC965 /* Resources */,
				71B1FF79203FB28000ECC965 /* Supporting Files */,
			);
			path = GenericDataSourceTests;
			sourceTree = "<group>";
		};
		71B1FF5F203F879400ECC965 /* Frameworks */ = {
			isa = PBXGroup;
			children = (
				68E31E5D131A55560D4C9AF5 /* Pods_GenericDataSourceTests.framework */,
			);
			name = Frameworks;
			sourceTree = "<group>";
		};
		71B1FF70203FB0F900ECC965 /* Spec */ = {
			isa = PBXGroup;
			children = (
				71B1FF71203FB10E00ECC965 /* GenericDataSource.podspec */,
				71B1FF72203FB10E00ECC965 /* README.md */,
			);
			name = Spec;
			sourceTree = "<group>";
		};
		71B1FF75203FB24200ECC965 /* Controllers */ = {
			isa = PBXGroup;
			children = (
				71B1FF4F203E70C400ECC965 /* ViewController.swift */,
			);
			path = Controllers;
			sourceTree = "<group>";
		};
		71B1FF76203FB24A00ECC965 /* Resources */ = {
			isa = PBXGroup;
			children = (
				71B1FF77203FB25800ECC965 /* Storyboards */,
				71B1FF54203E70C400ECC965 /* Assets.xcassets */,
			);
			path = Resources;
			sourceTree = "<group>";
		};
		71B1FF77203FB25800ECC965 /* Storyboards */ = {
			isa = PBXGroup;
			children = (
				71B1FF56203E70C400ECC965 /* LaunchScreen.storyboard */,
				71B1FF51203E70C400ECC965 /* Main.storyboard */,
			);
			path = Storyboards;
			sourceTree = "<group>";
		};
		71B1FF78203FB27400ECC965 /* Sources */ = {
			isa = PBXGroup;
			children = (
				71369AE8204900AF00613F99 /* TableData */,
				71B1FF7D203FB34B00ECC965 /* Cells */,
				71B1FF75203FB24200ECC965 /* Controllers */,
				71B1FF4D203E70C400ECC965 /* AppDelegate.swift */,
			);
			path = Sources;
			sourceTree = "<group>";
		};
		71B1FF79203FB28000ECC965 /* Supporting Files */ = {
			isa = PBXGroup;
			children = (
				71B1FF59203E70C400ECC965 /* Info.plist */,
			);
			path = "Supporting Files";
			sourceTree = "<group>";
		};
		71B1FF7D203FB34B00ECC965 /* Cells */ = {
			isa = PBXGroup;
			children = (
				71B1FF7E203FB35900ECC965 /* LinearDataCell.swift */,
			);
			path = Cells;
			sourceTree = "<group>";
		};
		8E31114820612EFC0095298A /* TableView */ = {
			isa = PBXGroup;
			children = (
				71369AE62048F4C800613F99 /* Section.swift */,
				71B1FF66203FAFDB00ECC965 /* GenericDelegateDataSource.swift */,
			);
			path = TableView;
			sourceTree = "<group>";
		};
		8E31114920612F090095298A /* CollectionView */ = {
			isa = PBXGroup;
			children = (
				8E31114B20612F400095298A /* CSection.swift */,
				8E31114A20612F400095298A /* CGenericDelegateDataSource.swift */,
			);
			path = CollectionView;
			sourceTree = "<group>";
		};
		F60A4B5320373D3D0058DA9F = {
			isa = PBXGroup;
			children = (
				71B1FF70203FB0F900ECC965 /* Spec */,
				F60A4B5E20373D3D0058DA9F /* GenericDataSource */,
				71B1FF4C203E70C400ECC965 /* GenericDataSourceTests */,
				F60A4B5D20373D3D0058DA9F /* Products */,
				71B1FF5F203F879400ECC965 /* Frameworks */,
				16B4EB37C90E468C42C6A5D6 /* Pods */,
			);
			sourceTree = "<group>";
		};
		F60A4B5D20373D3D0058DA9F /* Products */ = {
			isa = PBXGroup;
			children = (
				71B1FF4B203E70C400ECC965 /* GenericDataSourceTests.app */,
			);
			name = Products;
			sourceTree = "<group>";
		};
		F60A4B5E20373D3D0058DA9F /* GenericDataSource */ = {
			isa = PBXGroup;
			children = (
				8E31114920612F090095298A /* CollectionView */,
				8E31114820612EFC0095298A /* TableView */,
				71B1FF64203FAFDB00ECC965 /* Cells+Extensions.swift */,
				71B1FF63203FAFDB00ECC965 /* CellSetupable+Setupable.swift */,
				71B1FF62203FAFDB00ECC965 /* DataSource.swift */,
				71B1FF65203FAFDB00ECC965 /* NSObjectProtocol+Extensions.swift */,
				71B1FF67203FAFDB00ECC965 /* ReusableIdentifierProtocol.swift */,
			);
			path = GenericDataSource;
			sourceTree = "<group>";
		};
/* End PBXGroup section */

/* Begin PBXNativeTarget section */
		71B1FF4A203E70C400ECC965 /* GenericDataSourceTests */ = {
			isa = PBXNativeTarget;
			buildConfigurationList = 71B1FF5A203E70C400ECC965 /* Build configuration list for PBXNativeTarget "GenericDataSourceTests" */;
			buildPhases = (
				186E7F932B103940DBB85593 /* [CP] Check Pods Manifest.lock */,
				71B1FF47203E70C400ECC965 /* Sources */,
				71B1FF48203E70C400ECC965 /* Frameworks */,
				71B1FF49203E70C400ECC965 /* Resources */,
				8A98EE3995DD9ECDA1BA2F16 /* [CP] Embed Pods Frameworks */,
			);
			buildRules = (
			);
			dependencies = (
			);
			name = GenericDataSourceTests;
			productName = GenericDataSourceTests;
			productReference = 71B1FF4B203E70C400ECC965 /* GenericDataSourceTests.app */;
			productType = "com.apple.product-type.application";
		};
/* End PBXNativeTarget section */

/* Begin PBXProject section */
		F60A4B5420373D3D0058DA9F /* Project object */ = {
			isa = PBXProject;
			attributes = {
				LastSwiftUpdateCheck = 0920;
				LastUpgradeCheck = 0920;
				ORGANIZATIONNAME = Teste;
				TargetAttributes = {
					71B1FF4A203E70C400ECC965 = {
						CreatedOnToolsVersion = 9.2;
						ProvisioningStyle = Automatic;
					};
				};
			};
			buildConfigurationList = F60A4B5720373D3D0058DA9F /* Build configuration list for PBXProject "GenericDataSource" */;
			compatibilityVersion = "Xcode 8.0";
			developmentRegion = en;
			hasScannedForEncodings = 0;
			knownRegions = (
				en,
				Base,
			);
			mainGroup = F60A4B5320373D3D0058DA9F;
			productRefGroup = F60A4B5D20373D3D0058DA9F /* Products */;
			projectDirPath = "";
			projectRoot = "";
			targets = (
				71B1FF4A203E70C400ECC965 /* GenericDataSourceTests */,
			);
		};
/* End PBXProject section */

/* Begin PBXResourcesBuildPhase section */
		71B1FF49203E70C400ECC965 /* Resources */ = {
			isa = PBXResourcesBuildPhase;
			buildActionMask = 2147483647;
			files = (
				71B1FF58203E70C400ECC965 /* LaunchScreen.storyboard in Resources */,
				71B1FF73203FB10E00ECC965 /* GenericDataSource.podspec in Resources */,
				71B1FF74203FB10E00ECC965 /* README.md in Resources */,
				71B1FF55203E70C400ECC965 /* Assets.xcassets in Resources */,
				71B1FF53203E70C400ECC965 /* Main.storyboard in Resources */,
			);
			runOnlyForDeploymentPostprocessing = 0;
		};
/* End PBXResourcesBuildPhase section */

/* Begin PBXShellScriptBuildPhase section */
		186E7F932B103940DBB85593 /* [CP] Check Pods Manifest.lock */ = {
			isa = PBXShellScriptBuildPhase;
			buildActionMask = 2147483647;
			files = (
			);
			inputPaths = (
				"${PODS_PODFILE_DIR_PATH}/Podfile.lock",
				"${PODS_ROOT}/Manifest.lock",
			);
			name = "[CP] Check Pods Manifest.lock";
			outputPaths = (
				"$(DERIVED_FILE_DIR)/Pods-GenericDataSourceTests-checkManifestLockResult.txt",
			);
			runOnlyForDeploymentPostprocessing = 0;
			shellPath = /bin/sh;
			shellScript = "diff \"${PODS_PODFILE_DIR_PATH}/Podfile.lock\" \"${PODS_ROOT}/Manifest.lock\" > /dev/null\nif [ $? != 0 ] ; then\n    # print error to STDERR\n    echo \"error: The sandbox is not in sync with the Podfile.lock. Run 'pod install' or update your CocoaPods installation.\" >&2\n    exit 1\nfi\n# This output is used by Xcode 'outputs' to avoid re-running this script phase.\necho \"SUCCESS\" > \"${SCRIPT_OUTPUT_FILE_0}\"\n";
			showEnvVarsInLog = 0;
		};
		8A98EE3995DD9ECDA1BA2F16 /* [CP] Embed Pods Frameworks */ = {
			isa = PBXShellScriptBuildPhase;
			buildActionMask = 2147483647;
			files = (
			);
			inputPaths = (
				"${SRCROOT}/Pods/Target Support Files/Pods-GenericDataSourceTests/Pods-GenericDataSourceTests-frameworks.sh",
				"${BUILT_PRODUCTS_DIR}/GenericDataSource/GenericDataSource.framework",
			);
			name = "[CP] Embed Pods Frameworks";
			outputPaths = (
				"${TARGET_BUILD_DIR}/${FRAMEWORKS_FOLDER_PATH}/GenericDataSource.framework",
			);
			runOnlyForDeploymentPostprocessing = 0;
			shellPath = /bin/sh;
			shellScript = "\"${SRCROOT}/Pods/Target Support Files/Pods-GenericDataSourceTests/Pods-GenericDataSourceTests-frameworks.sh\"\n";
			showEnvVarsInLog = 0;
		};
/* End PBXShellScriptBuildPhase section */

/* Begin PBXSourcesBuildPhase section */
		71B1FF47203E70C400ECC965 /* Sources */ = {
			isa = PBXSourcesBuildPhase;
			buildActionMask = 2147483647;
			files = (
				71B1FF7F203FB35900ECC965 /* LinearDataCell.swift in Sources */,
				8E31114E206133180095298A /* MySection.swift in Sources */,
				71B1FF50203E70C400ECC965 /* ViewController.swift in Sources */,
				71B1FF4E203E70C400ECC965 /* AppDelegate.swift in Sources */,
			);
			runOnlyForDeploymentPostprocessing = 0;
		};
/* End PBXSourcesBuildPhase section */

/* Begin PBXVariantGroup section */
		71B1FF51203E70C400ECC965 /* Main.storyboard */ = {
			isa = PBXVariantGroup;
			children = (
				71B1FF52203E70C400ECC965 /* Base */,
			);
			name = Main.storyboard;
			sourceTree = "<group>";
		};
		71B1FF56203E70C400ECC965 /* LaunchScreen.storyboard */ = {
			isa = PBXVariantGroup;
			children = (
				71B1FF57203E70C400ECC965 /* Base */,
			);
			name = LaunchScreen.storyboard;
			sourceTree = "<group>";
		};
/* End PBXVariantGroup section */

/* Begin XCBuildConfiguration section */
		71B1FF5B203E70C400ECC965 /* Debug */ = {
			isa = XCBuildConfiguration;
			baseConfigurationReference = E1955CD3011AEB35C90A3BEB /* Pods-GenericDataSourceTests.debug.xcconfig */;
			buildSettings = {
				ASSETCATALOG_COMPILER_APPICON_NAME = AppIcon;
				CODE_SIGN_STYLE = Automatic;
				DEVELOPMENT_TEAM = EUPS925RGY;
				INFOPLIST_FILE = "GenericDataSourceTests/Supporting Files/Info.plist";
				IPHONEOS_DEPLOYMENT_TARGET = 9.0;
				LD_RUNPATH_SEARCH_PATHS = "$(inherited) @executable_path/Frameworks";
				PRODUCT_BUNDLE_IDENTIFIER = br.com.insanitech.GenericDataSourceTests;
				PRODUCT_NAME = "$(TARGET_NAME)";
				SWIFT_VERSION = 4.0;
				TARGETED_DEVICE_FAMILY = "1,2";
			};
			name = Debug;
		};
		71B1FF5C203E70C400ECC965 /* Release */ = {
			isa = XCBuildConfiguration;
			baseConfigurationReference = 8CB44AA9310C3FF8EEC51310 /* Pods-GenericDataSourceTests.release.xcconfig */;
			buildSettings = {
				ASSETCATALOG_COMPILER_APPICON_NAME = AppIcon;
				CODE_SIGN_STYLE = Automatic;
				DEVELOPMENT_TEAM = EUPS925RGY;
				INFOPLIST_FILE = "GenericDataSourceTests/Supporting Files/Info.plist";
				IPHONEOS_DEPLOYMENT_TARGET = 9.0;
				LD_RUNPATH_SEARCH_PATHS = "$(inherited) @executable_path/Frameworks";
				PRODUCT_BUNDLE_IDENTIFIER = br.com.insanitech.GenericDataSourceTests;
				PRODUCT_NAME = "$(TARGET_NAME)";
				SWIFT_VERSION = 4.0;
				TARGETED_DEVICE_FAMILY = "1,2";
			};
			name = Release;
		};
		F60A4B6C20373D3E0058DA9F /* Debug */ = {
			isa = XCBuildConfiguration;
			buildSettings = {
				ALWAYS_SEARCH_USER_PATHS = NO;
				CLANG_ANALYZER_NONNULL = YES;
				CLANG_ANALYZER_NUMBER_OBJECT_CONVERSION = YES_AGGRESSIVE;
				CLANG_CXX_LANGUAGE_STANDARD = "gnu++14";
				CLANG_CXX_LIBRARY = "libc++";
				CLANG_ENABLE_MODULES = YES;
				CLANG_ENABLE_OBJC_ARC = YES;
				CLANG_WARN_BLOCK_CAPTURE_AUTORELEASING = YES;
				CLANG_WARN_BOOL_CONVERSION = YES;
				CLANG_WARN_COMMA = YES;
				CLANG_WARN_CONSTANT_CONVERSION = YES;
				CLANG_WARN_DIRECT_OBJC_ISA_USAGE = YES_ERROR;
				CLANG_WARN_DOCUMENTATION_COMMENTS = YES;
				CLANG_WARN_EMPTY_BODY = YES;
				CLANG_WARN_ENUM_CONVERSION = YES;
				CLANG_WARN_INFINITE_RECURSION = YES;
				CLANG_WARN_INT_CONVERSION = YES;
				CLANG_WARN_NON_LITERAL_NULL_CONVERSION = YES;
				CLANG_WARN_OBJC_LITERAL_CONVERSION = YES;
				CLANG_WARN_OBJC_ROOT_CLASS = YES_ERROR;
				CLANG_WARN_RANGE_LOOP_ANALYSIS = YES;
				CLANG_WARN_STRICT_PROTOTYPES = YES;
				CLANG_WARN_SUSPICIOUS_MOVE = YES;
				CLANG_WARN_UNGUARDED_AVAILABILITY = YES_AGGRESSIVE;
				CLANG_WARN_UNREACHABLE_CODE = YES;
				CLANG_WARN__DUPLICATE_METHOD_MATCH = YES;
				CODE_SIGN_IDENTITY = "iPhone Developer";
				COPY_PHASE_STRIP = NO;
				DEBUG_INFORMATION_FORMAT = dwarf;
				ENABLE_STRICT_OBJC_MSGSEND = YES;
				ENABLE_TESTABILITY = YES;
				GCC_C_LANGUAGE_STANDARD = gnu11;
				GCC_DYNAMIC_NO_PIC = NO;
				GCC_NO_COMMON_BLOCKS = YES;
				GCC_OPTIMIZATION_LEVEL = 0;
				GCC_PREPROCESSOR_DEFINITIONS = (
					"DEBUG=1",
					"$(inherited)",
				);
				GCC_WARN_64_TO_32_BIT_CONVERSION = YES;
				GCC_WARN_ABOUT_RETURN_TYPE = YES_ERROR;
				GCC_WARN_UNDECLARED_SELECTOR = YES;
				GCC_WARN_UNINITIALIZED_AUTOS = YES_AGGRESSIVE;
				GCC_WARN_UNUSED_FUNCTION = YES;
				GCC_WARN_UNUSED_VARIABLE = YES;
				IPHONEOS_DEPLOYMENT_TARGET = 11.2;
				MTL_ENABLE_DEBUG_INFO = YES;
				ONLY_ACTIVE_ARCH = YES;
				SDKROOT = iphoneos;
				SWIFT_ACTIVE_COMPILATION_CONDITIONS = DEBUG;
				SWIFT_OPTIMIZATION_LEVEL = "-Onone";
			};
			name = Debug;
		};
		F60A4B6D20373D3E0058DA9F /* Release */ = {
			isa = XCBuildConfiguration;
			buildSettings = {
				ALWAYS_SEARCH_USER_PATHS = NO;
				CLANG_ANALYZER_NONNULL = YES;
				CLANG_ANALYZER_NUMBER_OBJECT_CONVERSION = YES_AGGRESSIVE;
				CLANG_CXX_LANGUAGE_STANDARD = "gnu++14";
				CLANG_CXX_LIBRARY = "libc++";
				CLANG_ENABLE_MODULES = YES;
				CLANG_ENABLE_OBJC_ARC = YES;
				CLANG_WARN_BLOCK_CAPTURE_AUTORELEASING = YES;
				CLANG_WARN_BOOL_CONVERSION = YES;
				CLANG_WARN_COMMA = YES;
				CLANG_WARN_CONSTANT_CONVERSION = YES;
				CLANG_WARN_DIRECT_OBJC_ISA_USAGE = YES_ERROR;
				CLANG_WARN_DOCUMENTATION_COMMENTS = YES;
				CLANG_WARN_EMPTY_BODY = YES;
				CLANG_WARN_ENUM_CONVERSION = YES;
				CLANG_WARN_INFINITE_RECURSION = YES;
				CLANG_WARN_INT_CONVERSION = YES;
				CLANG_WARN_NON_LITERAL_NULL_CONVERSION = YES;
				CLANG_WARN_OBJC_LITERAL_CONVERSION = YES;
				CLANG_WARN_OBJC_ROOT_CLASS = YES_ERROR;
				CLANG_WARN_RANGE_LOOP_ANALYSIS = YES;
				CLANG_WARN_STRICT_PROTOTYPES = YES;
				CLANG_WARN_SUSPICIOUS_MOVE = YES;
				CLANG_WARN_UNGUARDED_AVAILABILITY = YES_AGGRESSIVE;
				CLANG_WARN_UNREACHABLE_CODE = YES;
				CLANG_WARN__DUPLICATE_METHOD_MATCH = YES;
				CODE_SIGN_IDENTITY = "iPhone Developer";
				COPY_PHASE_STRIP = NO;
				DEBUG_INFORMATION_FORMAT = "dwarf-with-dsym";
				ENABLE_NS_ASSERTIONS = NO;
				ENABLE_STRICT_OBJC_MSGSEND = YES;
				GCC_C_LANGUAGE_STANDARD = gnu11;
				GCC_NO_COMMON_BLOCKS = YES;
				GCC_WARN_64_TO_32_BIT_CONVERSION = YES;
				GCC_WARN_ABOUT_RETURN_TYPE = YES_ERROR;
				GCC_WARN_UNDECLARED_SELECTOR = YES;
				GCC_WARN_UNINITIALIZED_AUTOS = YES_AGGRESSIVE;
				GCC_WARN_UNUSED_FUNCTION = YES;
				GCC_WARN_UNUSED_VARIABLE = YES;
				IPHONEOS_DEPLOYMENT_TARGET = 11.2;
				MTL_ENABLE_DEBUG_INFO = NO;
				SDKROOT = iphoneos;
				SWIFT_OPTIMIZATION_LEVEL = "-Owholemodule";
				VALIDATE_PRODUCT = YES;
			};
			name = Release;
		};
/* End XCBuildConfiguration section */

/* Begin XCConfigurationList section */
		71B1FF5A203E70C400ECC965 /* Build configuration list for PBXNativeTarget "GenericDataSourceTests" */ = {
			isa = XCConfigurationList;
			buildConfigurations = (
				71B1FF5B203E70C400ECC965 /* Debug */,
				71B1FF5C203E70C400ECC965 /* Release */,
			);
			defaultConfigurationIsVisible = 0;
			defaultConfigurationName = Release;
		};
		F60A4B5720373D3D0058DA9F /* Build configuration list for PBXProject "GenericDataSource" */ = {
			isa = XCConfigurationList;
			buildConfigurations = (
				F60A4B6C20373D3E0058DA9F /* Debug */,
				F60A4B6D20373D3E0058DA9F /* Release */,
			);
			defaultConfigurationIsVisible = 0;
			defaultConfigurationName = Release;
		};
/* End XCConfigurationList section */
	};
	rootObject = F60A4B5420373D3D0058DA9F /* Project object */;
}
