// !$*UTF8*$!
{
	archiveVersion = 1;
	classes = {
	};
	objectVersion = 48;
	objects = {

/* Begin PBXBuildFile section */
		71B1FF3C203E701300ECC965 /* GenericDataSource.h in Headers */ = {isa = PBXBuildFile; fileRef = 71B1FF3A203E701300ECC965 /* GenericDataSource.h */; settings = {ATTRIBUTES = (Public, ); }; };
		71B1FF40203E708F00ECC965 /* GenericDataSource.swift in Sources */ = {isa = PBXBuildFile; fileRef = F60A4B7120373D500058DA9F /* GenericDataSource.swift */; };
		71B1FF41203E708F00ECC965 /* CellProvider.swift in Sources */ = {isa = PBXBuildFile; fileRef = 71D8032D203D02210065BAF3 /* CellProvider.swift */; };
		71B1FF42203E708F00ECC965 /* DataSource.swift in Sources */ = {isa = PBXBuildFile; fileRef = 71D8032F203D10840065BAF3 /* DataSource.swift */; };
		71B1FF43203E708F00ECC965 /* NSObjectProtocol+Extensions.swift in Sources */ = {isa = PBXBuildFile; fileRef = 71B1FF16203E66F000ECC965 /* NSObjectProtocol+Extensions.swift */; };
		71B1FF44203E708F00ECC965 /* ReusableIdentifierProtocol.swift in Sources */ = {isa = PBXBuildFile; fileRef = 71B1FF18203E671900ECC965 /* ReusableIdentifierProtocol.swift */; };
		71B1FF45203E708F00ECC965 /* CellSetupable+Setupable.swift in Sources */ = {isa = PBXBuildFile; fileRef = 71B1FF1A203E672F00ECC965 /* CellSetupable+Setupable.swift */; };
		71B1FF46203E708F00ECC965 /* Cells+Extensions.swift in Sources */ = {isa = PBXBuildFile; fileRef = 71D8032B203D00770065BAF3 /* Cells+Extensions.swift */; };
		71B1FF4E203E70C400ECC965 /* AppDelegate.swift in Sources */ = {isa = PBXBuildFile; fileRef = 71B1FF4D203E70C400ECC965 /* AppDelegate.swift */; };
		71B1FF50203E70C400ECC965 /* ViewController.swift in Sources */ = {isa = PBXBuildFile; fileRef = 71B1FF4F203E70C400ECC965 /* ViewController.swift */; };
		71B1FF53203E70C400ECC965 /* Main.storyboard in Resources */ = {isa = PBXBuildFile; fileRef = 71B1FF51203E70C400ECC965 /* Main.storyboard */; };
		71B1FF55203E70C400ECC965 /* Assets.xcassets in Resources */ = {isa = PBXBuildFile; fileRef = 71B1FF54203E70C400ECC965 /* Assets.xcassets */; };
		71B1FF58203E70C400ECC965 /* LaunchScreen.storyboard in Resources */ = {isa = PBXBuildFile; fileRef = 71B1FF56203E70C400ECC965 /* LaunchScreen.storyboard */; };
/* End PBXBuildFile section */

/* Begin PBXFileReference section */
		71B1FF16203E66F000ECC965 /* NSObjectProtocol+Extensions.swift */ = {isa = PBXFileReference; lastKnownFileType = sourcecode.swift; path = "NSObjectProtocol+Extensions.swift"; sourceTree = "<group>"; };
		71B1FF18203E671900ECC965 /* ReusableIdentifierProtocol.swift */ = {isa = PBXFileReference; lastKnownFileType = sourcecode.swift; path = ReusableIdentifierProtocol.swift; sourceTree = "<group>"; };
		71B1FF1A203E672F00ECC965 /* CellSetupable+Setupable.swift */ = {isa = PBXFileReference; lastKnownFileType = sourcecode.swift; path = "CellSetupable+Setupable.swift"; sourceTree = "<group>"; };
		71B1FF38203E701300ECC965 /* GenericDataSource.framework */ = {isa = PBXFileReference; explicitFileType = wrapper.framework; includeInIndex = 0; path = GenericDataSource.framework; sourceTree = BUILT_PRODUCTS_DIR; };
		71B1FF3A203E701300ECC965 /* GenericDataSource.h */ = {isa = PBXFileReference; lastKnownFileType = sourcecode.c.h; path = GenericDataSource.h; sourceTree = "<group>"; };
		71B1FF4B203E70C400ECC965 /* GenericDataSourceTests.app */ = {isa = PBXFileReference; explicitFileType = wrapper.application; includeInIndex = 0; path = GenericDataSourceTests.app; sourceTree = BUILT_PRODUCTS_DIR; };
		71B1FF4D203E70C400ECC965 /* AppDelegate.swift */ = {isa = PBXFileReference; lastKnownFileType = sourcecode.swift; path = AppDelegate.swift; sourceTree = "<group>"; };
		71B1FF4F203E70C400ECC965 /* ViewController.swift */ = {isa = PBXFileReference; lastKnownFileType = sourcecode.swift; path = ViewController.swift; sourceTree = "<group>"; };
		71B1FF52203E70C400ECC965 /* Base */ = {isa = PBXFileReference; lastKnownFileType = file.storyboard; name = Base; path = Base.lproj/Main.storyboard; sourceTree = "<group>"; };
		71B1FF54203E70C400ECC965 /* Assets.xcassets */ = {isa = PBXFileReference; lastKnownFileType = folder.assetcatalog; path = Assets.xcassets; sourceTree = "<group>"; };
		71B1FF57203E70C400ECC965 /* Base */ = {isa = PBXFileReference; lastKnownFileType = file.storyboard; name = Base; path = Base.lproj/LaunchScreen.storyboard; sourceTree = "<group>"; };
		71B1FF59203E70C400ECC965 /* Info.plist */ = {isa = PBXFileReference; lastKnownFileType = text.plist.xml; path = Info.plist; sourceTree = "<group>"; };
		71D8032B203D00770065BAF3 /* Cells+Extensions.swift */ = {isa = PBXFileReference; lastKnownFileType = sourcecode.swift; path = "Cells+Extensions.swift"; sourceTree = "<group>"; };
		71D8032D203D02210065BAF3 /* CellProvider.swift */ = {isa = PBXFileReference; lastKnownFileType = sourcecode.swift; path = CellProvider.swift; sourceTree = "<group>"; };
		71D8032F203D10840065BAF3 /* DataSource.swift */ = {isa = PBXFileReference; lastKnownFileType = sourcecode.swift; path = DataSource.swift; sourceTree = "<group>"; };
		F60A4B6B20373D3E0058DA9F /* Info.plist */ = {isa = PBXFileReference; lastKnownFileType = text.plist.xml; path = Info.plist; sourceTree = "<group>"; };
		F60A4B7120373D500058DA9F /* GenericDataSource.swift */ = {isa = PBXFileReference; lastKnownFileType = sourcecode.swift; path = GenericDataSource.swift; sourceTree = "<group>"; };
/* End PBXFileReference section */

/* Begin PBXFrameworksBuildPhase section */
		71B1FF34203E701300ECC965 /* Frameworks */ = {
			isa = PBXFrameworksBuildPhase;
			buildActionMask = 2147483647;
			files = (
			);
			runOnlyForDeploymentPostprocessing = 0;
		};
		71B1FF48203E70C400ECC965 /* Frameworks */ = {
			isa = PBXFrameworksBuildPhase;
			buildActionMask = 2147483647;
			files = (
			);
			runOnlyForDeploymentPostprocessing = 0;
		};
/* End PBXFrameworksBuildPhase section */

/* Begin PBXGroup section */
		71B1FF25203E6F2300ECC965 /* Sources */ = {
			isa = PBXGroup;
			children = (
				F60A4B7120373D500058DA9F /* GenericDataSource.swift */,
				71D8032D203D02210065BAF3 /* CellProvider.swift */,
				71D8032F203D10840065BAF3 /* DataSource.swift */,
				71B1FF16203E66F000ECC965 /* NSObjectProtocol+Extensions.swift */,
				71B1FF18203E671900ECC965 /* ReusableIdentifierProtocol.swift */,
				71B1FF1A203E672F00ECC965 /* CellSetupable+Setupable.swift */,
				71D8032B203D00770065BAF3 /* Cells+Extensions.swift */,
			);
			path = Sources;
			sourceTree = "<group>";
		};
		71B1FF4C203E70C400ECC965 /* GenericDataSourceTests */ = {
			isa = PBXGroup;
			children = (
				71B1FF4D203E70C400ECC965 /* AppDelegate.swift */,
				71B1FF4F203E70C400ECC965 /* ViewController.swift */,
				71B1FF51203E70C400ECC965 /* Main.storyboard */,
				71B1FF54203E70C400ECC965 /* Assets.xcassets */,
				71B1FF56203E70C400ECC965 /* LaunchScreen.storyboard */,
				71B1FF59203E70C400ECC965 /* Info.plist */,
			);
			path = GenericDataSourceTests;
			sourceTree = "<group>";
		};
		F60A4B5320373D3D0058DA9F = {
			isa = PBXGroup;
			children = (
				F60A4B5E20373D3D0058DA9F /* GenericDataSource */,
				71B1FF4C203E70C400ECC965 /* GenericDataSourceTests */,
				F60A4B5D20373D3D0058DA9F /* Products */,
			);
			sourceTree = "<group>";
		};
		F60A4B5D20373D3D0058DA9F /* Products */ = {
			isa = PBXGroup;
			children = (
				71B1FF38203E701300ECC965 /* GenericDataSource.framework */,
				71B1FF4B203E70C400ECC965 /* GenericDataSourceTests.app */,
			);
			name = Products;
			sourceTree = "<group>";
		};
		F60A4B5E20373D3D0058DA9F /* GenericDataSource */ = {
			isa = PBXGroup;
			children = (
				F60A4B6B20373D3E0058DA9F /* Info.plist */,
				71B1FF3A203E701300ECC965 /* GenericDataSource.h */,
				71B1FF25203E6F2300ECC965 /* Sources */,
			);
			path = GenericDataSource;
			sourceTree = "<group>";
		};
/* End PBXGroup section */

/* Begin PBXHeadersBuildPhase section */
		71B1FF35203E701300ECC965 /* Headers */ = {
			isa = PBXHeadersBuildPhase;
			buildActionMask = 2147483647;
			files = (
				71B1FF3C203E701300ECC965 /* GenericDataSource.h in Headers */,
			);
			runOnlyForDeploymentPostprocessing = 0;
		};
/* End PBXHeadersBuildPhase section */

/* Begin PBXNativeTarget section */
		71B1FF37203E701300ECC965 /* GenericDataSource */ = {
			isa = PBXNativeTarget;
			buildConfigurationList = 71B1FF3D203E701300ECC965 /* Build configuration list for PBXNativeTarget "GenericDataSource" */;
			buildPhases = (
				71B1FF33203E701300ECC965 /* Sources */,
				71B1FF34203E701300ECC965 /* Frameworks */,
				71B1FF35203E701300ECC965 /* Headers */,
				71B1FF36203E701300ECC965 /* Resources */,
			);
			buildRules = (
			);
			dependencies = (
			);
			name = GenericDataSource;
			productName = GenericDataSource;
			productReference = 71B1FF38203E701300ECC965 /* GenericDataSource.framework */;
			productType = "com.apple.product-type.framework";
		};
		71B1FF4A203E70C400ECC965 /* GenericDataSourceTests */ = {
			isa = PBXNativeTarget;
			buildConfigurationList = 71B1FF5A203E70C400ECC965 /* Build configuration list for PBXNativeTarget "GenericDataSourceTests" */;
			buildPhases = (
				71B1FF47203E70C400ECC965 /* Sources */,
				71B1FF48203E70C400ECC965 /* Frameworks */,
				71B1FF49203E70C400ECC965 /* Resources */,
			);
			buildRules = (
			);
			dependencies = (
			);
			name = GenericDataSourceTests;
			productName = GenericDataSourceTests;
			productReference = 71B1FF4B203E70C400ECC965 /* GenericDataSourceTests.app */;
			productType = "com.apple.product-type.application";
		};
/* End PBXNativeTarget section */

/* Begin PBXProject section */
		F60A4B5420373D3D0058DA9F /* Project object */ = {
			isa = PBXProject;
			attributes = {
				LastSwiftUpdateCheck = 0920;
				LastUpgradeCheck = 0920;
				ORGANIZATIONNAME = Teste;
				TargetAttributes = {
					71B1FF37203E701300ECC965 = {
						CreatedOnToolsVersion = 9.2;
						ProvisioningStyle = Automatic;
					};
					71B1FF4A203E70C400ECC965 = {
						CreatedOnToolsVersion = 9.2;
						ProvisioningStyle = Automatic;
					};
				};
			};
			buildConfigurationList = F60A4B5720373D3D0058DA9F /* Build configuration list for PBXProject "GenericDataSource" */;
			compatibilityVersion = "Xcode 8.0";
			developmentRegion = en;
			hasScannedForEncodings = 0;
			knownRegions = (
				en,
				Base,
			);
			mainGroup = F60A4B5320373D3D0058DA9F;
			productRefGroup = F60A4B5D20373D3D0058DA9F /* Products */;
			projectDirPath = "";
			projectRoot = "";
			targets = (
				71B1FF37203E701300ECC965 /* GenericDataSource */,
				71B1FF4A203E70C400ECC965 /* GenericDataSourceTests */,
			);
		};
/* End PBXProject section */

/* Begin PBXResourcesBuildPhase section */
		71B1FF36203E701300ECC965 /* Resources */ = {
			isa = PBXResourcesBuildPhase;
			buildActionMask = 2147483647;
			files = (
			);
			runOnlyForDeploymentPostprocessing = 0;
		};
		71B1FF49203E70C400ECC965 /* Resources */ = {
			isa = PBXResourcesBuildPhase;
			buildActionMask = 2147483647;
			files = (
				71B1FF58203E70C400ECC965 /* LaunchScreen.storyboard in Resources */,
				71B1FF55203E70C400ECC965 /* Assets.xcassets in Resources */,
				71B1FF53203E70C400ECC965 /* Main.storyboard in Resources */,
			);
			runOnlyForDeploymentPostprocessing = 0;
		};
/* End PBXResourcesBuildPhase section */

/* Begin PBXSourcesBuildPhase section */
		71B1FF33203E701300ECC965 /* Sources */ = {
			isa = PBXSourcesBuildPhase;
			buildActionMask = 2147483647;
			files = (
				71B1FF42203E708F00ECC965 /* DataSource.swift in Sources */,
				71B1FF45203E708F00ECC965 /* CellSetupable+Setupable.swift in Sources */,
				71B1FF46203E708F00ECC965 /* Cells+Extensions.swift in Sources */,
				71B1FF41203E708F00ECC965 /* CellProvider.swift in Sources */,
				71B1FF44203E708F00ECC965 /* ReusableIdentifierProtocol.swift in Sources */,
				71B1FF40203E708F00ECC965 /* GenericDataSource.swift in Sources */,
				71B1FF43203E708F00ECC965 /* NSObjectProtocol+Extensions.swift in Sources */,
			);
			runOnlyForDeploymentPostprocessing = 0;
		};
		71B1FF47203E70C400ECC965 /* Sources */ = {
			isa = PBXSourcesBuildPhase;
			buildActionMask = 2147483647;
			files = (
				71B1FF50203E70C400ECC965 /* ViewController.swift in Sources */,
				71B1FF4E203E70C400ECC965 /* AppDelegate.swift in Sources */,
			);
			runOnlyForDeploymentPostprocessing = 0;
		};
/* End PBXSourcesBuildPhase section */

/* Begin PBXVariantGroup section */
		71B1FF51203E70C400ECC965 /* Main.storyboard */ = {
			isa = PBXVariantGroup;
			children = (
				71B1FF52203E70C400ECC965 /* Base */,
			);
			name = Main.storyboard;
			sourceTree = "<group>";
		};
		71B1FF56203E70C400ECC965 /* LaunchScreen.storyboard */ = {
			isa = PBXVariantGroup;
			children = (
				71B1FF57203E70C400ECC965 /* Base */,
			);
			name = LaunchScreen.storyboard;
			sourceTree = "<group>";
		};
/* End PBXVariantGroup section */

/* Begin XCBuildConfiguration section */
		71B1FF3E203E701300ECC965 /* Debug */ = {
			isa = XCBuildConfiguration;
			buildSettings = {
				CODE_SIGN_IDENTITY = "";
				CODE_SIGN_STYLE = Automatic;
				CURRENT_PROJECT_VERSION = 1;
				DEFINES_MODULE = YES;
				DEVELOPMENT_TEAM = EUPS925RGY;
				DYLIB_COMPATIBILITY_VERSION = 1;
				DYLIB_CURRENT_VERSION = 1;
				DYLIB_INSTALL_NAME_BASE = "@rpath";
				INFOPLIST_FILE = GenericDataSource/Info.plist;
				INSTALL_PATH = "$(LOCAL_LIBRARY_DIR)/Frameworks";
				IPHONEOS_DEPLOYMENT_TARGET = 9.0;
				LD_RUNPATH_SEARCH_PATHS = "$(inherited) @executable_path/Frameworks @loader_path/Frameworks";
				PRODUCT_BUNDLE_IDENTIFIER = br.com.insanitech.GenericDataSource;
				PRODUCT_NAME = "$(TARGET_NAME:c99extidentifier)";
				SKIP_INSTALL = YES;
				SWIFT_VERSION = 4.0;
				TARGETED_DEVICE_FAMILY = "1,2";
				VERSIONING_SYSTEM = "apple-generic";
				VERSION_INFO_PREFIX = "";
			};
			name = Debug;
		};
		71B1FF3F203E701300ECC965 /* Release */ = {
			isa = XCBuildConfiguration;
			buildSettings = {
				CODE_SIGN_IDENTITY = "";
				CODE_SIGN_STYLE = Automatic;
				CURRENT_PROJECT_VERSION = 1;
				DEFINES_MODULE = YES;
				DEVELOPMENT_TEAM = EUPS925RGY;
				DYLIB_COMPATIBILITY_VERSION = 1;
				DYLIB_CURRENT_VERSION = 1;
				DYLIB_INSTALL_NAME_BASE = "@rpath";
				INFOPLIST_FILE = GenericDataSource/Info.plist;
				INSTALL_PATH = "$(LOCAL_LIBRARY_DIR)/Frameworks";
				IPHONEOS_DEPLOYMENT_TARGET = 9.0;
				LD_RUNPATH_SEARCH_PATHS = "$(inherited) @executable_path/Frameworks @loader_path/Frameworks";
				PRODUCT_BUNDLE_IDENTIFIER = br.com.insanitech.GenericDataSource;
				PRODUCT_NAME = "$(TARGET_NAME:c99extidentifier)";
				SKIP_INSTALL = YES;
				SWIFT_VERSION = 4.0;
				TARGETED_DEVICE_FAMILY = "1,2";
				VERSIONING_SYSTEM = "apple-generic";
				VERSION_INFO_PREFIX = "";
			};
			name = Release;
		};
		71B1FF5B203E70C400ECC965 /* Debug */ = {
			isa = XCBuildConfiguration;
			buildSettings = {
				ASSETCATALOG_COMPILER_APPICON_NAME = AppIcon;
				CODE_SIGN_STYLE = Automatic;
				DEVELOPMENT_TEAM = EUPS925RGY;
				INFOPLIST_FILE = GenericDataSourceTests/Info.plist;
				LD_RUNPATH_SEARCH_PATHS = "$(inherited) @executable_path/Frameworks";
				PRODUCT_BUNDLE_IDENTIFIER = br.com.insanitech.GenericDataSourceTests;
				PRODUCT_NAME = "$(TARGET_NAME)";
				SWIFT_VERSION = 4.0;
				TARGETED_DEVICE_FAMILY = "1,2";
			};
			name = Debug;
		};
		71B1FF5C203E70C400ECC965 /* Release */ = {
			isa = XCBuildConfiguration;
			buildSettings = {
				ASSETCATALOG_COMPILER_APPICON_NAME = AppIcon;
				CODE_SIGN_STYLE = Automatic;
				DEVELOPMENT_TEAM = EUPS925RGY;
				INFOPLIST_FILE = GenericDataSourceTests/Info.plist;
				LD_RUNPATH_SEARCH_PATHS = "$(inherited) @executable_path/Frameworks";
				PRODUCT_BUNDLE_IDENTIFIER = br.com.insanitech.GenericDataSourceTests;
				PRODUCT_NAME = "$(TARGET_NAME)";
				SWIFT_VERSION = 4.0;
				TARGETED_DEVICE_FAMILY = "1,2";
			};
			name = Release;
		};
		F60A4B6C20373D3E0058DA9F /* Debug */ = {
			isa = XCBuildConfiguration;
			buildSettings = {
				ALWAYS_SEARCH_USER_PATHS = NO;
				CLANG_ANALYZER_NONNULL = YES;
				CLANG_ANALYZER_NUMBER_OBJECT_CONVERSION = YES_AGGRESSIVE;
				CLANG_CXX_LANGUAGE_STANDARD = "gnu++14";
				CLANG_CXX_LIBRARY = "libc++";
				CLANG_ENABLE_MODULES = YES;
				CLANG_ENABLE_OBJC_ARC = YES;
				CLANG_WARN_BLOCK_CAPTURE_AUTORELEASING = YES;
				CLANG_WARN_BOOL_CONVERSION = YES;
				CLANG_WARN_COMMA = YES;
				CLANG_WARN_CONSTANT_CONVERSION = YES;
				CLANG_WARN_DIRECT_OBJC_ISA_USAGE = YES_ERROR;
				CLANG_WARN_DOCUMENTATION_COMMENTS = YES;
				CLANG_WARN_EMPTY_BODY = YES;
				CLANG_WARN_ENUM_CONVERSION = YES;
				CLANG_WARN_INFINITE_RECURSION = YES;
				CLANG_WARN_INT_CONVERSION = YES;
				CLANG_WARN_NON_LITERAL_NULL_CONVERSION = YES;
				CLANG_WARN_OBJC_LITERAL_CONVERSION = YES;
				CLANG_WARN_OBJC_ROOT_CLASS = YES_ERROR;
				CLANG_WARN_RANGE_LOOP_ANALYSIS = YES;
				CLANG_WARN_STRICT_PROTOTYPES = YES;
				CLANG_WARN_SUSPICIOUS_MOVE = YES;
				CLANG_WARN_UNGUARDED_AVAILABILITY = YES_AGGRESSIVE;
				CLANG_WARN_UNREACHABLE_CODE = YES;
				CLANG_WARN__DUPLICATE_METHOD_MATCH = YES;
				CODE_SIGN_IDENTITY = "iPhone Developer";
				COPY_PHASE_STRIP = NO;
				DEBUG_INFORMATION_FORMAT = dwarf;
				ENABLE_STRICT_OBJC_MSGSEND = YES;
				ENABLE_TESTABILITY = YES;
				GCC_C_LANGUAGE_STANDARD = gnu11;
				GCC_DYNAMIC_NO_PIC = NO;
				GCC_NO_COMMON_BLOCKS = YES;
				GCC_OPTIMIZATION_LEVEL = 0;
				GCC_PREPROCESSOR_DEFINITIONS = (
					"DEBUG=1",
					"$(inherited)",
				);
				GCC_WARN_64_TO_32_BIT_CONVERSION = YES;
				GCC_WARN_ABOUT_RETURN_TYPE = YES_ERROR;
				GCC_WARN_UNDECLARED_SELECTOR = YES;
				GCC_WARN_UNINITIALIZED_AUTOS = YES_AGGRESSIVE;
				GCC_WARN_UNUSED_FUNCTION = YES;
				GCC_WARN_UNUSED_VARIABLE = YES;
				IPHONEOS_DEPLOYMENT_TARGET = 11.2;
				MTL_ENABLE_DEBUG_INFO = YES;
				ONLY_ACTIVE_ARCH = YES;
				SDKROOT = iphoneos;
				SWIFT_ACTIVE_COMPILATION_CONDITIONS = DEBUG;
				SWIFT_OPTIMIZATION_LEVEL = "-Onone";
			};
			name = Debug;
		};
		F60A4B6D20373D3E0058DA9F /* Release */ = {
			isa = XCBuildConfiguration;
			buildSettings = {
				ALWAYS_SEARCH_USER_PATHS = NO;
				CLANG_ANALYZER_NONNULL = YES;
				CLANG_ANALYZER_NUMBER_OBJECT_CONVERSION = YES_AGGRESSIVE;
				CLANG_CXX_LANGUAGE_STANDARD = "gnu++14";
				CLANG_CXX_LIBRARY = "libc++";
				CLANG_ENABLE_MODULES = YES;
				CLANG_ENABLE_OBJC_ARC = YES;
				CLANG_WARN_BLOCK_CAPTURE_AUTORELEASING = YES;
				CLANG_WARN_BOOL_CONVERSION = YES;
				CLANG_WARN_COMMA = YES;
				CLANG_WARN_CONSTANT_CONVERSION = YES;
				CLANG_WARN_DIRECT_OBJC_ISA_USAGE = YES_ERROR;
				CLANG_WARN_DOCUMENTATION_COMMENTS = YES;
				CLANG_WARN_EMPTY_BODY = YES;
				CLANG_WARN_ENUM_CONVERSION = YES;
				CLANG_WARN_INFINITE_RECURSION = YES;
				CLANG_WARN_INT_CONVERSION = YES;
				CLANG_WARN_NON_LITERAL_NULL_CONVERSION = YES;
				CLANG_WARN_OBJC_LITERAL_CONVERSION = YES;
				CLANG_WARN_OBJC_ROOT_CLASS = YES_ERROR;
				CLANG_WARN_RANGE_LOOP_ANALYSIS = YES;
				CLANG_WARN_STRICT_PROTOTYPES = YES;
				CLANG_WARN_SUSPICIOUS_MOVE = YES;
				CLANG_WARN_UNGUARDED_AVAILABILITY = YES_AGGRESSIVE;
				CLANG_WARN_UNREACHABLE_CODE = YES;
				CLANG_WARN__DUPLICATE_METHOD_MATCH = YES;
				CODE_SIGN_IDENTITY = "iPhone Developer";
				COPY_PHASE_STRIP = NO;
				DEBUG_INFORMATION_FORMAT = "dwarf-with-dsym";
				ENABLE_NS_ASSERTIONS = NO;
				ENABLE_STRICT_OBJC_MSGSEND = YES;
				GCC_C_LANGUAGE_STANDARD = gnu11;
				GCC_NO_COMMON_BLOCKS = YES;
				GCC_WARN_64_TO_32_BIT_CONVERSION = YES;
				GCC_WARN_ABOUT_RETURN_TYPE = YES_ERROR;
				GCC_WARN_UNDECLARED_SELECTOR = YES;
				GCC_WARN_UNINITIALIZED_AUTOS = YES_AGGRESSIVE;
				GCC_WARN_UNUSED_FUNCTION = YES;
				GCC_WARN_UNUSED_VARIABLE = YES;
				IPHONEOS_DEPLOYMENT_TARGET = 11.2;
				MTL_ENABLE_DEBUG_INFO = NO;
				SDKROOT = iphoneos;
				SWIFT_OPTIMIZATION_LEVEL = "-Owholemodule";
				VALIDATE_PRODUCT = YES;
			};
			name = Release;
		};
/* End XCBuildConfiguration section */

/* Begin XCConfigurationList section */
		71B1FF3D203E701300ECC965 /* Build configuration list for PBXNativeTarget "GenericDataSource" */ = {
			isa = XCConfigurationList;
			buildConfigurations = (
				71B1FF3E203E701300ECC965 /* Debug */,
				71B1FF3F203E701300ECC965 /* Release */,
			);
			defaultConfigurationIsVisible = 0;
			defaultConfigurationName = Release;
		};
		71B1FF5A203E70C400ECC965 /* Build configuration list for PBXNativeTarget "GenericDataSourceTests" */ = {
			isa = XCConfigurationList;
			buildConfigurations = (
				71B1FF5B203E70C400ECC965 /* Debug */,
				71B1FF5C203E70C400ECC965 /* Release */,
			);
			defaultConfigurationIsVisible = 0;
			defaultConfigurationName = Release;
		};
		F60A4B5720373D3D0058DA9F /* Build configuration list for PBXProject "GenericDataSource" */ = {
			isa = XCConfigurationList;
			buildConfigurations = (
				F60A4B6C20373D3E0058DA9F /* Debug */,
				F60A4B6D20373D3E0058DA9F /* Release */,
			);
			defaultConfigurationIsVisible = 0;
			defaultConfigurationName = Release;
		};
/* End XCConfigurationList section */
	};
	rootObject = F60A4B5420373D3D0058DA9F /* Project object */;
}
